
Microsoft Visual Studio Solution File, Format Version 12.00
# Visual Studio Version 17
VisualStudioVersion = 17.11.35222.181
MinimumVisualStudioVersion = 10.0.40219.1
Project("{9A19103F-16F7-4668-BE54-9A1E7A4F7556}") = "Reviews.API", "Reviews.API\Reviews.API.csproj", "{84DD79C2-515F-4347-92AD-355BF14B6D9C}"
EndProject
Project("{9A19103F-16F7-4668-BE54-9A1E7A4F7556}") = "Reviews.Persistence", "Reviews.Persistence\Reviews.Persistence.csproj", "{683B76D8-7BD2-4CE6-B9B4-3A77E170553E}"
EndProject
Project("{9A19103F-16F7-4668-BE54-9A1E7A4F7556}") = "Reviews.Core", "Reviews.Core\Reviews.Core.csproj", "{C60D6A56-196C-4907-A450-12B7C18AB3F8}"
EndProject
Project("{9A19103F-16F7-4668-BE54-9A1E7A4F7556}") = "Reviews.Application", "Reviews.Application\Reviews.Application.csproj", "{082BF4F7-F483-4A9C-BB0A-340988A7D453}"
EndProject
Project("{9A19103F-16F7-4668-BE54-9A1E7A4F7556}") = "Reviews.Infrastructure", "Reviews.Infrastructure\Reviews.Infrastructure.csproj", "{28B091CE-B085-47C5-86F5-47A1FBCB373B}"
EndProject
Global
	GlobalSection(SolutionConfigurationPlatforms) = preSolution
		Debug|Any CPU = Debug|Any CPU
		Release|Any CPU = Release|Any CPU
	EndGlobalSection
	GlobalSection(ProjectConfigurationPlatforms) = postSolution
		{84DD79C2-515F-4347-92AD-355BF14B6D9C}.Debug|Any CPU.ActiveCfg = Debug|Any CPU
		{84DD79C2-515F-4347-92AD-355BF14B6D9C}.Debug|Any CPU.Build.0 = Debug|Any CPU
		{84DD79C2-515F-4347-92AD-355BF14B6D9C}.Release|Any CPU.ActiveCfg = Release|Any CPU
		{84DD79C2-515F-4347-92AD-355BF14B6D9C}.Release|Any CPU.Build.0 = Release|Any CPU
		{683B76D8-7BD2-4CE6-B9B4-3A77E170553E}.Debug|Any CPU.ActiveCfg = Debug|Any CPU
		{683B76D8-7BD2-4CE6-B9B4-3A77E170553E}.Debug|Any CPU.Build.0 = Debug|Any CPU
		{683B76D8-7BD2-4CE6-B9B4-3A77E170553E}.Release|Any CPU.ActiveCfg = Release|Any CPU
		{683B76D8-7BD2-4CE6-B9B4-3A77E170553E}.Release|Any CPU.Build.0 = Release|Any CPU
		{C60D6A56-196C-4907-A450-12B7C18AB3F8}.Debug|Any CPU.ActiveCfg = Debug|Any CPU
		{C60D6A56-196C-4907-A450-12B7C18AB3F8}.Debug|Any CPU.Build.0 = Debug|Any CPU
		{C60D6A56-196C-4907-A450-12B7C18AB3F8}.Release|Any CPU.ActiveCfg = Release|Any CPU
		{C60D6A56-196C-4907-A450-12B7C18AB3F8}.Release|Any CPU.Build.0 = Release|Any CPU
		{082BF4F7-F483-4A9C-BB0A-340988A7D453}.Debug|Any CPU.ActiveCfg = Debug|Any CPU
		{082BF4F7-F483-4A9C-BB0A-340988A7D453}.Debug|Any CPU.Build.0 = Debug|Any CPU
		{082BF4F7-F483-4A9C-BB0A-340988A7D453}.Release|Any CPU.ActiveCfg = Release|Any CPU
		{082BF4F7-F483-4A9C-BB0A-340988A7D453}.Release|Any CPU.Build.0 = Release|Any CPU
		{28B091CE-B085-47C5-86F5-47A1FBCB373B}.Debug|Any CPU.ActiveCfg = Debug|Any CPU
		{28B091CE-B085-47C5-86F5-47A1FBCB373B}.Debug|Any CPU.Build.0 = Debug|Any CPU
		{28B091CE-B085-47C5-86F5-47A1FBCB373B}.Release|Any CPU.ActiveCfg = Release|Any CPU
		{28B091CE-B085-47C5-86F5-47A1FBCB373B}.Release|Any CPU.Build.0 = Release|Any CPU
	EndGlobalSection
	GlobalSection(SolutionProperties) = preSolution
		HideSolutionNode = FALSE
	EndGlobalSection
	GlobalSection(ExtensibilityGlobals) = postSolution
		SolutionGuid = {28E6A155-5C6F-4010-B64E-25677077DE07}
	EndGlobalSection
EndGlobal
